// !$*UTF8*$!
{
	archiveVersion = 1;
	classes = {
	};
	objectVersion = 56;
	objects = {

/* Begin PBXBuildFile section */
		22C571CA2F95CEDE0069DAD2 /* SpliceKit.icon in Resources */ = {isa = PBXBuildFile; fileRef = 22C571C92F95CEDE0069DAD2 /* SpliceKit.icon */; };
		22D74E1F2F81FBD900A9252B /* Credits.rtf in Resources */ = {isa = PBXBuildFile; fileRef = 22D74E1E2F81FBD900A9252B /* Credits.rtf */; };
		BB0000000000000000000001 /* SpliceKitApp.swift in Sources */ = {isa = PBXBuildFile; fileRef = AA0000000000000000000001 /* SpliceKitApp.swift */; };
		BB0000000000000000000002 /* PatcherModel.swift in Sources */ = {isa = PBXBuildFile; fileRef = AA0000000000000000000002 /* PatcherModel.swift */; };
		BB0000000000000000000003 /* WizardView.swift in Sources */ = {isa = PBXBuildFile; fileRef = AA0000000000000000000003 /* WizardView.swift */; };
		BB0000000000000000000004 /* WelcomePanel.swift in Sources */ = {isa = PBXBuildFile; fileRef = AA0000000000000000000004 /* WelcomePanel.swift */; };
		BB0000000000000000000005 /* PatchingPanel.swift in Sources */ = {isa = PBXBuildFile; fileRef = AA0000000000000000000005 /* PatchingPanel.swift */; };
		BB0000000000000000000006 /* StatusPanel.swift in Sources */ = {isa = PBXBuildFile; fileRef = AA0000000000000000000006 /* StatusPanel.swift */; };
		BB0000000000000000000007 /* LogPanelView.swift in Sources */ = {isa = PBXBuildFile; fileRef = AA0000000000000000000007 /* LogPanelView.swift */; };
		BB0000000000000000000008 /* Assets.xcassets in Resources */ = {isa = PBXBuildFile; fileRef = AA0000000000000000000008 /* Assets.xcassets */; };
		BB0000000000000000000009 /* ShellHelpers.swift in Sources */ = {isa = PBXBuildFile; fileRef = AA000000000000000000000C /* ShellHelpers.swift */; };
/* End PBXBuildFile section */

/* Begin PBXCopyFilesBuildPhase section */
		DD0000000000000000000004 /* Embed Frameworks */ = {
			isa = PBXCopyFilesBuildPhase;
			buildActionMask = 2147483647;
			dstPath = "";
			dstSubfolderSpec = 10;
			files = (
			);
			name = "Embed Frameworks";
			runOnlyForDeploymentPostprocessing = 0;
		};
/* End PBXCopyFilesBuildPhase section */

/* Begin PBXFileReference section */
		2250E4252F95F8B000DA3ED6 /* Version.xcconfig */ = {isa = PBXFileReference; lastKnownFileType = text.xcconfig; path = Version.xcconfig; sourceTree = "<group>"; };
		22C571C92F95CEDE0069DAD2 /* SpliceKit.icon */ = {isa = PBXFileReference; lastKnownFileType = folder.iconcomposer.icon; path = SpliceKit.icon; sourceTree = "<group>"; };
		22D74E1E2F81FBD900A9252B /* Credits.rtf */ = {isa = PBXFileReference; lastKnownFileType = text.rtf; path = Credits.rtf; sourceTree = "<group>"; };
		22D74E232F8235FE00A9252B /* Configuration.xcconfig */ = {isa = PBXFileReference; lastKnownFileType = text.xcconfig; path = Configuration.xcconfig; sourceTree = "<group>"; };
		AA0000000000000000000001 /* SpliceKitApp.swift */ = {isa = PBXFileReference; lastKnownFileType = sourcecode.swift; path = SpliceKitApp.swift; sourceTree = "<group>"; };
		AA0000000000000000000002 /* PatcherModel.swift */ = {isa = PBXFileReference; lastKnownFileType = sourcecode.swift; path = PatcherModel.swift; sourceTree = "<group>"; };
		AA0000000000000000000003 /* WizardView.swift */ = {isa = PBXFileReference; lastKnownFileType = sourcecode.swift; path = WizardView.swift; sourceTree = "<group>"; };
		AA0000000000000000000004 /* WelcomePanel.swift */ = {isa = PBXFileReference; lastKnownFileType = sourcecode.swift; path = WelcomePanel.swift; sourceTree = "<group>"; };
		AA0000000000000000000005 /* PatchingPanel.swift */ = {isa = PBXFileReference; lastKnownFileType = sourcecode.swift; path = PatchingPanel.swift; sourceTree = "<group>"; };
		AA0000000000000000000006 /* StatusPanel.swift */ = {isa = PBXFileReference; lastKnownFileType = sourcecode.swift; path = StatusPanel.swift; sourceTree = "<group>"; };
		AA0000000000000000000007 /* LogPanelView.swift */ = {isa = PBXFileReference; lastKnownFileType = sourcecode.swift; path = LogPanelView.swift; sourceTree = "<group>"; };
		AA0000000000000000000008 /* Assets.xcassets */ = {isa = PBXFileReference; lastKnownFileType = folder.assetcatalog; path = Assets.xcassets; sourceTree = "<group>"; };
		AA0000000000000000000009 /* Info.plist */ = {isa = PBXFileReference; lastKnownFileType = text.plist.xml; path = Info.plist; sourceTree = "<group>"; };
		AA000000000000000000000C /* ShellHelpers.swift */ = {isa = PBXFileReference; lastKnownFileType = sourcecode.swift; path = ShellHelpers.swift; sourceTree = "<group>"; };
		FF0000000000000000000001 /* SpliceKit.app */ = {isa = PBXFileReference; explicitFileType = wrapper.application; includeInIndex = 0; path = SpliceKit.app; sourceTree = BUILT_PRODUCTS_DIR; };
/* End PBXFileReference section */

/* Begin PBXFrameworksBuildPhase section */
		DD0000000000000000000002 /* Frameworks */ = {
			isa = PBXFrameworksBuildPhase;
			buildActionMask = 2147483647;
			files = (
			);
			runOnlyForDeploymentPostprocessing = 0;
		};
/* End PBXFrameworksBuildPhase section */

/* Begin PBXGroup section */
		22D74E212F81FDBB00A9252B /* Resources */ = {
			isa = PBXGroup;
			children = (
				22C571C92F95CEDE0069DAD2 /* SpliceKit.icon */,
				22D74E1E2F81FBD900A9252B /* Credits.rtf */,
				AA0000000000000000000008 /* Assets.xcassets */,
				AA0000000000000000000009 /* Info.plist */,
			);
			path = Resources;
			sourceTree = "<group>";
		};
		22D74E222F81FDCB00A9252B /* Code */ = {
			isa = PBXGroup;
			children = (
				AA0000000000000000000001 /* SpliceKitApp.swift */,
			);
			path = Code;
			sourceTree = "<group>";
		};
		22D74E242F8235FE00A9252B /* Configuration */ = {
			isa = PBXGroup;
			children = (
				2250E4252F95F8B000DA3ED6 /* Version.xcconfig */,
				22D74E232F8235FE00A9252B /* Configuration.xcconfig */,
			);
			path = Configuration;
			sourceTree = "<group>";
		};
		CC0000000000000000000001 = {
			isa = PBXGroup;
			children = (
				CC0000000000000000000002 /* SpliceKit */,
				CC0000000000000000000006 /* Products */,
			);
			sourceTree = "<group>";
		};
		CC0000000000000000000002 /* SpliceKit */ = {
			isa = PBXGroup;
			children = (
				22D74E242F8235FE00A9252B /* Configuration */,
				22D74E222F81FDCB00A9252B /* Code */,
				CC0000000000000000000003 /* Models */,
				CC0000000000000000000004 /* Views */,
				22D74E212F81FDBB00A9252B /* Resources */,
			);
			path = SpliceKit;
			sourceTree = "<group>";
		};
		CC0000000000000000000003 /* Models */ = {
			isa = PBXGroup;
			children = (
				AA0000000000000000000002 /* PatcherModel.swift */,
				AA000000000000000000000C /* ShellHelpers.swift */,
			);
			path = Models;
			sourceTree = "<group>";
		};
		CC0000000000000000000004 /* Views */ = {
			isa = PBXGroup;
			children = (
				AA0000000000000000000003 /* WizardView.swift */,
				AA0000000000000000000004 /* WelcomePanel.swift */,
				AA0000000000000000000005 /* PatchingPanel.swift */,
				AA0000000000000000000006 /* StatusPanel.swift */,
				AA0000000000000000000007 /* LogPanelView.swift */,
			);
			path = Views;
			sourceTree = "<group>";
		};
		CC0000000000000000000006 /* Products */ = {
			isa = PBXGroup;
			children = (
				FF0000000000000000000001 /* SpliceKit.app */,
			);
			name = Products;
			sourceTree = "<group>";
		};
/* End PBXGroup section */

/* Begin PBXNativeTarget section */
		EE0000000000000000000001 /* SpliceKit */ = {
			isa = PBXNativeTarget;
			buildConfigurationList = 110000000000000000000002 /* Build configuration list for PBXNativeTarget "SpliceKit" */;
			buildPhases = (
				DD0000000000000000000005 /* Build Dylib & Tools */,
				DD0000000000000000000001 /* Sources */,
				DD0000000000000000000002 /* Frameworks */,
				DD0000000000000000000003 /* Resources */,
				DD0000000000000000000004 /* Embed Frameworks */,
				DD0000000000000000000006 /* Bundle SpliceKit Resources */,
			);
			buildRules = (
			);
			dependencies = (
			);
			name = SpliceKit;
			packageProductDependencies = (
			);
			productName = SpliceKit;
			productReference = FF0000000000000000000001 /* SpliceKit.app */;
			productType = "com.apple.product-type.application";
		};
/* End PBXNativeTarget section */

/* Begin PBXProject section */
		089C1665FE841187C02AAC07 /* Project object */ = {
			isa = PBXProject;
			attributes = {
				BuildIndependentTargetsInParallel = 1;
				LastSwiftUpdateCheck = 1600;
				LastUpgradeCheck = 2640;
			};
			buildConfigurationList = 110000000000000000000001 /* Build configuration list for PBXProject "SpliceKit" */;
			compatibilityVersion = "Xcode 14.0";
			developmentRegion = en;
			hasScannedForEncodings = 0;
			knownRegions = (
				en,
				Base,
			);
			mainGroup = CC0000000000000000000001;
			packageReferences = (
			);
			productRefGroup = CC0000000000000000000006 /* Products */;
			projectDirPath = "";
			projectRoot = "";
			targets = (
				EE0000000000000000000001 /* SpliceKit */,
			);
		};
/* End PBXProject section */

/* Begin PBXResourcesBuildPhase section */
		DD0000000000000000000003 /* Resources */ = {
			isa = PBXResourcesBuildPhase;
			buildActionMask = 2147483647;
			files = (
				BB0000000000000000000008 /* Assets.xcassets in Resources */,
				22D74E1F2F81FBD900A9252B /* Credits.rtf in Resources */,
				22C571CA2F95CEDE0069DAD2 /* SpliceKit.icon in Resources */,
			);
			runOnlyForDeploymentPostprocessing = 0;
		};
/* End PBXResourcesBuildPhase section */

/* Begin PBXShellScriptBuildPhase section */
		DD0000000000000000000005 /* Build Dylib & Tools */ = {
			isa = PBXShellScriptBuildPhase;
			alwaysOutOfDate = 1;
			buildActionMask = 2147483647;
			files = (
			);
			inputPaths = (
			);
			name = "Build Dylib & Tools";
			outputPaths = (
			);
			runOnlyForDeploymentPostprocessing = 0;
			shellPath = /bin/bash;
			shellScript = "bash \"${PROJECT_DIR}/scripts/build_dylib.sh\"\n";
		};
		DD0000000000000000000006 /* Bundle SpliceKit Resources */ = {
			isa = PBXShellScriptBuildPhase;
			buildActionMask = 2147483647;
			files = (
			);
			inputPaths = (
				"$(BUILT_PRODUCTS_DIR)/SpliceKit_prebuilt/SpliceKit",
				"$(PROJECT_DIR)/../mcp/server.py",
			);
			name = "Bundle SpliceKit Resources";
			outputPaths = (
				"$(BUILT_PRODUCTS_DIR)/$(PRODUCT_NAME).app/Contents/Resources/SpliceKit",
			);
			runOnlyForDeploymentPostprocessing = 0;
			shellPath = /bin/bash;
			shellScript = "bash \"${PROJECT_DIR}/scripts/bundle_resources.sh\"\n";
		};
/* End PBXShellScriptBuildPhase section */

/* Begin PBXSourcesBuildPhase section */
		DD0000000000000000000001 /* Sources */ = {
			isa = PBXSourcesBuildPhase;
			buildActionMask = 2147483647;
			files = (
				BB0000000000000000000001 /* SpliceKitApp.swift in Sources */,
				BB0000000000000000000002 /* PatcherModel.swift in Sources */,
				BB0000000000000000000003 /* WizardView.swift in Sources */,
				BB0000000000000000000004 /* WelcomePanel.swift in Sources */,
				BB0000000000000000000005 /* PatchingPanel.swift in Sources */,
				BB0000000000000000000006 /* StatusPanel.swift in Sources */,
				BB0000000000000000000007 /* LogPanelView.swift in Sources */,
				BB0000000000000000000009 /* ShellHelpers.swift in Sources */,
			);
			runOnlyForDeploymentPostprocessing = 0;
		};
/* End PBXSourcesBuildPhase section */

/* Begin XCBuildConfiguration section */
		220000000000000000000001 /* Debug */ = {
			isa = XCBuildConfiguration;
			baseConfigurationReference = 22D74E232F8235FE00A9252B /* Configuration.xcconfig */;
			buildSettings = {
				ALWAYS_SEARCH_USER_PATHS = NO;
				CLANG_ANALYZER_NONNULL = YES;
				CLANG_CXX_LANGUAGE_STANDARD = "gnu++20";
				CLANG_ENABLE_MODULES = YES;
				CLANG_ENABLE_OBJC_ARC = YES;
				CLANG_WARN_BLOCK_CAPTURE_AUTORELEASING = YES;
				CLANG_WARN_BOOL_CONVERSION = YES;
				CLANG_WARN_COMMA = YES;
				CLANG_WARN_CONSTANT_CONVERSION = YES;
				CLANG_WARN_DEPRECATED_OBJC_IMPLEMENTATIONS = YES;
				CLANG_WARN_EMPTY_BODY = YES;
				CLANG_WARN_ENUM_CONVERSION = YES;
				CLANG_WARN_INFINITE_RECURSION = YES;
				CLANG_WARN_INT_CONVERSION = YES;
				CLANG_WARN_NON_LITERAL_NULL_CONVERSION = YES;
				CLANG_WARN_OBJC_IMPLICIT_RETAIN_SELF = YES;
				CLANG_WARN_OBJC_LITERAL_CONVERSION = YES;
				CLANG_WARN_QUOTED_INCLUDE_IN_FRAMEWORK_HEADER = YES;
				CLANG_WARN_RANGE_LOOP_ANALYSIS = YES;
				CLANG_WARN_STRICT_PROTOTYPES = YES;
				CLANG_WARN_SUSPICIOUS_MOVE = YES;
				CLANG_WARN_UNREACHABLE_CODE = YES;
				CLANG_WARN__DUPLICATE_METHOD_MATCH = YES;
				COPY_PHASE_STRIP = NO;
				DEAD_CODE_STRIPPING = YES;
				DEBUG_INFORMATION_FORMAT = dwarf;
				DEVELOPMENT_TEAM = "$(HARDCODED_DEVELOPMENT_TEAM)";
				ENABLE_STRICT_OBJC_MSGSEND = YES;
				ENABLE_TESTABILITY = YES;
				ENABLE_USER_SCRIPT_SANDBOXING = NO;
				GCC_DYNAMIC_NO_PIC = NO;
				GCC_NO_COMMON_BLOCKS = YES;
				GCC_OPTIMIZATION_LEVEL = 0;
				GCC_PREPROCESSOR_DEFINITIONS = (
					"DEBUG=1",
					"$(inherited)",
				);
				GCC_WARN_64_TO_32_BIT_CONVERSION = YES;
				GCC_WARN_ABOUT_RETURN_TYPE = YES_ERROR;
				GCC_WARN_UNDECLARED_SELECTOR = YES;
				GCC_WARN_UNINITIALIZED_AUTOS = YES_AGGRESSIVE;
				GCC_WARN_UNUSED_FUNCTION = YES;
				GCC_WARN_UNUSED_VARIABLE = YES;
				MACOSX_DEPLOYMENT_TARGET = 14.0;
				MTL_ENABLE_DEBUG_INFO = INCLUDE_SOURCE;
				MTL_FAST_MATH = YES;
				ONLY_ACTIVE_ARCH = YES;
				SDKROOT = macosx;
				STRING_CATALOG_GENERATE_SYMBOLS = YES;
				SWIFT_ACTIVE_COMPILATION_CONDITIONS = "$(inherited) DEBUG";
				SWIFT_OPTIMIZATION_LEVEL = "-Onone";
			};
			name = Debug;
		};
		220000000000000000000002 /* Release */ = {
			isa = XCBuildConfiguration;
			baseConfigurationReference = 22D74E232F8235FE00A9252B /* Configuration.xcconfig */;
			buildSettings = {
				ALWAYS_SEARCH_USER_PATHS = NO;
				CLANG_ANALYZER_NONNULL = YES;
				CLANG_CXX_LANGUAGE_STANDARD = "gnu++20";
				CLANG_ENABLE_MODULES = YES;
				CLANG_ENABLE_OBJC_ARC = YES;
				CLANG_WARN_BLOCK_CAPTURE_AUTORELEASING = YES;
				CLANG_WARN_BOOL_CONVERSION = YES;
				CLANG_WARN_COMMA = YES;
				CLANG_WARN_CONSTANT_CONVERSION = YES;
				CLANG_WARN_DEPRECATED_OBJC_IMPLEMENTATIONS = YES;
				CLANG_WARN_EMPTY_BODY = YES;
				CLANG_WARN_ENUM_CONVERSION = YES;
				CLANG_WARN_INFINITE_RECURSION = YES;
				CLANG_WARN_INT_CONVERSION = YES;
				CLANG_WARN_NON_LITERAL_NULL_CONVERSION = YES;
				CLANG_WARN_OBJC_IMPLICIT_RETAIN_SELF = YES;
				CLANG_WARN_OBJC_LITERAL_CONVERSION = YES;
				CLANG_WARN_QUOTED_INCLUDE_IN_FRAMEWORK_HEADER = YES;
				CLANG_WARN_RANGE_LOOP_ANALYSIS = YES;
				CLANG_WARN_STRICT_PROTOTYPES = YES;
				CLANG_WARN_SUSPICIOUS_MOVE = YES;
				CLANG_WARN_UNREACHABLE_CODE = YES;
				CLANG_WARN__DUPLICATE_METHOD_MATCH = YES;
				COPY_PHASE_STRIP = NO;
				DEAD_CODE_STRIPPING = YES;
				DEBUG_INFORMATION_FORMAT = "dwarf-with-dsym";
				DEVELOPMENT_TEAM = "$(HARDCODED_DEVELOPMENT_TEAM)";
				ENABLE_NS_ASSERTIONS = NO;
				ENABLE_STRICT_OBJC_MSGSEND = YES;
				ENABLE_USER_SCRIPT_SANDBOXING = NO;
				GCC_NO_COMMON_BLOCKS = YES;
				GCC_WARN_64_TO_32_BIT_CONVERSION = YES;
				GCC_WARN_ABOUT_RETURN_TYPE = YES_ERROR;
				GCC_WARN_UNDECLARED_SELECTOR = YES;
				GCC_WARN_UNINITIALIZED_AUTOS = YES_AGGRESSIVE;
				GCC_WARN_UNUSED_FUNCTION = YES;
				GCC_WARN_UNUSED_VARIABLE = YES;
				MACOSX_DEPLOYMENT_TARGET = 14.0;
				MTL_ENABLE_DEBUG_INFO = NO;
				MTL_FAST_MATH = YES;
				SDKROOT = macosx;
				STRING_CATALOG_GENERATE_SYMBOLS = YES;
				SWIFT_COMPILATION_MODE = wholemodule;
			};
			name = Release;
		};
		220000000000000000000003 /* Debug */ = {
			isa = XCBuildConfiguration;
			buildSettings = {
				ASSETCATALOG_COMPILER_APPICON_NAME = SpliceKit;
				CODE_SIGN_ENTITLEMENTS = "";
				CODE_SIGN_IDENTITY = "Apple Development";
				CODE_SIGN_STYLE = Automatic;
				COMBINE_HIDPI_IMAGES = YES;
				CURRENT_PROJECT_VERSION = "$(SPLICEKIT_VERSION)";
				DEAD_CODE_STRIPPING = YES;
				DEVELOPMENT_TEAM = "$(HARDCODED_DEVELOPMENT_TEAM)";
				ENABLE_HARDENED_RUNTIME = YES;
				INFOPLIST_FILE = SpliceKit/Resources/Info.plist;
				INFOPLIST_KEY_CFBundleDisplayName = SpliceKit;
				INFOPLIST_KEY_LSApplicationCategoryType = "public.app-category.video";
				LD_RUNPATH_SEARCH_PATHS = (
					"$(inherited)",
					"@executable_path/../Frameworks",
				);
				MARKETING_VERSION = "$(SPLICEKIT_VERSION)";
				OTHER_LDFLAGS = (
					"$(inherited)",
					"-ObjC",
				);
				PRODUCT_BUNDLE_IDENTIFIER = com.splicekit.app;
				PRODUCT_NAME = "$(TARGET_NAME)";
				SWIFT_EMIT_LOC_STRINGS = YES;
				SWIFT_VERSION = 6.0;
			};
			name = Debug;
		};
		220000000000000000000004 /* Release */ = {
			isa = XCBuildConfiguration;
			buildSettings = {
				ASSETCATALOG_COMPILER_APPICON_NAME = SpliceKit;
				CODE_SIGN_ENTITLEMENTS = "";
				CODE_SIGN_IDENTITY = "Apple Development";
				CODE_SIGN_STYLE = Automatic;
				COMBINE_HIDPI_IMAGES = YES;
				CURRENT_PROJECT_VERSION = "$(SPLICEKIT_VERSION)";
				DEAD_CODE_STRIPPING = YES;
				DEVELOPMENT_TEAM = "$(HARDCODED_DEVELOPMENT_TEAM)";
				ENABLE_HARDENED_RUNTIME = YES;
				INFOPLIST_FILE = SpliceKit/Resources/Info.plist;
				INFOPLIST_KEY_CFBundleDisplayName = SpliceKit;
				INFOPLIST_KEY_LSApplicationCategoryType = "public.app-category.video";
				LD_RUNPATH_SEARCH_PATHS = (
					"$(inherited)",
					"@executable_path/../Frameworks",
				);
				MARKETING_VERSION = "$(SPLICEKIT_VERSION)";
				OTHER_LDFLAGS = (
					"$(inherited)",
					"-ObjC",
				);
				PRODUCT_BUNDLE_IDENTIFIER = com.splicekit.app;
				PRODUCT_NAME = "$(TARGET_NAME)";
				SWIFT_EMIT_LOC_STRINGS = YES;
				SWIFT_VERSION = 6.0;
			};
			name = Release;
		};
/* End XCBuildConfiguration section */

/* Begin XCConfigurationList section */
		110000000000000000000001 /* Build configuration list for PBXProject "SpliceKit" */ = {
			isa = XCConfigurationList;
			buildConfigurations = (
				220000000000000000000001 /* Debug */,
				220000000000000000000002 /* Release */,
			);
			defaultConfigurationIsVisible = 0;
			defaultConfigurationName = Release;
		};
		110000000000000000000002 /* Build configuration list for PBXNativeTarget "SpliceKit" */ = {
			isa = XCConfigurationList;
			buildConfigurations = (
				220000000000000000000003 /* Debug */,
				220000000000000000000004 /* Release */,
			);
			defaultConfigurationIsVisible = 0;
			defaultConfigurationName = Release;
		};
/* End XCConfigurationList section */

	};
	rootObject = 089C1665FE841187C02AAC07 /* Project object */;
}
